
Microsoft Visual Studio Solution File, Format Version 12.00
# Visual Studio 15
VisualStudioVersion = 15.0.28307.329
MinimumVisualStudioVersion = 10.0.40219.1
Project("{FAE04EC0-301F-11D3-BF4B-00C04F79EFBC}") = "ERIK", "ERIK\ERIK.csproj", "{83A5C650-17EE-4703-BD10-3B06A2581A58}"
EndProject
Global
	GlobalSection(SolutionConfigurationPlatforms) = preSolution
		Debug|Any CPU = Debug|Any CPU
		Release|Any CPU = Release|Any CPU
	EndGlobalSection
	GlobalSection(ProjectConfigurationPlatforms) = postSolution
		{83A5C650-17EE-4703-BD10-3B06A2581A58}.Debug|Any CPU.ActiveCfg = Debug|Any CPU
		{83A5C650-17EE-4703-BD10-3B06A2581A58}.Debug|Any CPU.Build.0 = Debug|Any CPU
		{83A5C650-17EE-4703-BD10-3B06A2581A58}.Release|Any CPU.ActiveCfg = Release|Any CPU
		{83A5C650-17EE-4703-BD10-3B06A2581A58}.Release|Any CPU.Build.0 = Release|Any CPU
	EndGlobalSection
	GlobalSection(SolutionProperties) = preSolution
		HideSolutionNode = FALSE
	EndGlobalSection
	GlobalSection(ExtensibilityGlobals) = postSolution
		SolutionGuid = {2865CE98-1B32-4902-847E-6C73AC0A7BCD}
	EndGlobalSection
EndGlobal
